// !$*UTF8*$!
{
	archiveVersion = 1;
	classes = {
	};
	objectVersion = 50;
	objects = {

/* Begin PBXBuildFile section */
		205B205422ADACCC00244C09 /* AppDelegate.swift in Sources */ = {isa = PBXBuildFile; fileRef = 205B205322ADACCC00244C09 /* AppDelegate.swift */; };
		205B205622ADACCC00244C09 /* SceneDelegate.swift in Sources */ = {isa = PBXBuildFile; fileRef = 205B205522ADACCC00244C09 /* SceneDelegate.swift */; };
		205B205922ADACCC00244C09 /* TodoNG.xcdatamodeld in Sources */ = {isa = PBXBuildFile; fileRef = 205B205722ADACCC00244C09 /* TodoNG.xcdatamodeld */; };
		205B205B22ADACCC00244C09 /* TaskListView.swift in Sources */ = {isa = PBXBuildFile; fileRef = 205B205A22ADACCC00244C09 /* TaskListView.swift */; };
		205B205D22ADACCD00244C09 /* Assets.xcassets in Resources */ = {isa = PBXBuildFile; fileRef = 205B205C22ADACCD00244C09 /* Assets.xcassets */; };
		205B206022ADACCD00244C09 /* Preview Assets.xcassets in Resources */ = {isa = PBXBuildFile; fileRef = 205B205F22ADACCD00244C09 /* Preview Assets.xcassets */; };
		205B206322ADACCD00244C09 /* LaunchScreen.storyboard in Resources */ = {isa = PBXBuildFile; fileRef = 205B206122ADACCD00244C09 /* LaunchScreen.storyboard */; };
		205B206B22ADBEDA00244C09 /* Model.swift in Sources */ = {isa = PBXBuildFile; fileRef = 205B206A22ADBEDA00244C09 /* Model.swift */; };
		205B206D22ADBF1C00244C09 /* TaskRow.swift in Sources */ = {isa = PBXBuildFile; fileRef = 205B206C22ADBF1C00244C09 /* TaskRow.swift */; };
/* End PBXBuildFile section */

/* Begin PBXFileReference section */
		205B205022ADACCC00244C09 /* TodoNG.app */ = {isa = PBXFileReference; explicitFileType = wrapper.application; includeInIndex = 0; path = TodoNG.app; sourceTree = BUILT_PRODUCTS_DIR; };
		205B205322ADACCC00244C09 /* AppDelegate.swift */ = {isa = PBXFileReference; lastKnownFileType = sourcecode.swift; path = AppDelegate.swift; sourceTree = "<group>"; };
		205B205522ADACCC00244C09 /* SceneDelegate.swift */ = {isa = PBXFileReference; lastKnownFileType = sourcecode.swift; path = SceneDelegate.swift; sourceTree = "<group>"; };
		205B205822ADACCC00244C09 /* TodoNG.xcdatamodel */ = {isa = PBXFileReference; lastKnownFileType = wrapper.xcdatamodel; path = TodoNG.xcdatamodel; sourceTree = "<group>"; };
		205B205A22ADACCC00244C09 /* TaskListView.swift */ = {isa = PBXFileReference; lastKnownFileType = sourcecode.swift; path = TaskListView.swift; sourceTree = "<group>"; };
		205B205C22ADACCD00244C09 /* Assets.xcassets */ = {isa = PBXFileReference; lastKnownFileType = folder.assetcatalog; path = Assets.xcassets; sourceTree = "<group>"; };
		205B205F22ADACCD00244C09 /* Preview Assets.xcassets */ = {isa = PBXFileReference; lastKnownFileType = folder.assetcatalog; path = "Preview Assets.xcassets"; sourceTree = "<group>"; };
		205B206222ADACCD00244C09 /* Base */ = {isa = PBXFileReference; lastKnownFileType = file.storyboard; name = Base; path = Base.lproj/LaunchScreen.storyboard; sourceTree = "<group>"; };
		205B206422ADACCD00244C09 /* Info.plist */ = {isa = PBXFileReference; lastKnownFileType = text.plist.xml; path = Info.plist; sourceTree = "<group>"; };
		205B206A22ADBEDA00244C09 /* Model.swift */ = {isa = PBXFileReference; lastKnownFileType = sourcecode.swift; path = Model.swift; sourceTree = "<group>"; };
		205B206C22ADBF1C00244C09 /* TaskRow.swift */ = {isa = PBXFileReference; lastKnownFileType = sourcecode.swift; path = TaskRow.swift; sourceTree = "<group>"; };
/* End PBXFileReference section */

/* Begin PBXFrameworksBuildPhase section */
		205B204D22ADACCC00244C09 /* Frameworks */ = {
			isa = PBXFrameworksBuildPhase;
			buildActionMask = 2147483647;
			files = (
			);
			runOnlyForDeploymentPostprocessing = 0;
		};
/* End PBXFrameworksBuildPhase section */

/* Begin PBXGroup section */
		205B204722ADACCC00244C09 = {
			isa = PBXGroup;
			children = (
				205B205222ADACCC00244C09 /* TodoNG */,
				205B205122ADACCC00244C09 /* Products */,
			);
			sourceTree = "<group>";
		};
		205B205122ADACCC00244C09 /* Products */ = {
			isa = PBXGroup;
			children = (
				205B205022ADACCC00244C09 /* TodoNG.app */,
			);
			name = Products;
			sourceTree = "<group>";
		};
		205B205222ADACCC00244C09 /* TodoNG */ = {
			isa = PBXGroup;
			children = (
				205B205322ADACCC00244C09 /* AppDelegate.swift */,
				205B205522ADACCC00244C09 /* SceneDelegate.swift */,
				205B205A22ADACCC00244C09 /* TaskListView.swift */,
				205B206C22ADBF1C00244C09 /* TaskRow.swift */,
				205B206A22ADBEDA00244C09 /* Model.swift */,
				205B205C22ADACCD00244C09 /* Assets.xcassets */,
				205B206122ADACCD00244C09 /* LaunchScreen.storyboard */,
				205B206422ADACCD00244C09 /* Info.plist */,
				205B205722ADACCC00244C09 /* TodoNG.xcdatamodeld */,
				205B205E22ADACCD00244C09 /* Preview Content */,
			);
			path = TodoNG;
			sourceTree = "<group>";
		};
		205B205E22ADACCD00244C09 /* Preview Content */ = {
			isa = PBXGroup;
			children = (
				205B205F22ADACCD00244C09 /* Preview Assets.xcassets */,
			);
			path = "Preview Content";
			sourceTree = "<group>";
		};
/* End PBXGroup section */

/* Begin PBXNativeTarget section */
		205B204F22ADACCC00244C09 /* TodoNG */ = {
			isa = PBXNativeTarget;
			buildConfigurationList = 205B206722ADACCD00244C09 /* Build configuration list for PBXNativeTarget "TodoNG" */;
			buildPhases = (
				205B204C22ADACCC00244C09 /* Sources */,
				205B204D22ADACCC00244C09 /* Frameworks */,
				205B204E22ADACCC00244C09 /* Resources */,
			);
			buildRules = (
			);
			dependencies = (
			);
			name = TodoNG;
			productName = TodoNG;
			productReference = 205B205022ADACCC00244C09 /* TodoNG.app */;
			productType = "com.apple.product-type.application";
		};
/* End PBXNativeTarget section */

/* Begin PBXProject section */
		205B204822ADACCC00244C09 /* Project object */ = {
			isa = PBXProject;
			attributes = {
				LastSwiftUpdateCheck = 1100;
				LastUpgradeCheck = 1100;
				ORGANIZATIONNAME = "Tic Tac Code, LLC";
				TargetAttributes = {
					205B204F22ADACCC00244C09 = {
						CreatedOnToolsVersion = 11.0;
					};
				};
			};
			buildConfigurationList = 205B204B22ADACCC00244C09 /* Build configuration list for PBXProject "TodoNG" */;
			compatibilityVersion = "Xcode 9.3";
			developmentRegion = en;
			hasScannedForEncodings = 0;
			knownRegions = (
				en,
				Base,
			);
			mainGroup = 205B204722ADACCC00244C09;
			productRefGroup = 205B205122ADACCC00244C09 /* Products */;
			projectDirPath = "";
			projectRoot = "";
			targets = (
				205B204F22ADACCC00244C09 /* TodoNG */,
			);
		};
/* End PBXProject section */

/* Begin PBXResourcesBuildPhase section */
		205B204E22ADACCC00244C09 /* Resources */ = {
			isa = PBXResourcesBuildPhase;
			buildActionMask = 2147483647;
			files = (
				205B206322ADACCD00244C09 /* LaunchScreen.storyboard in Resources */,
				205B206022ADACCD00244C09 /* Preview Assets.xcassets in Resources */,
				205B205D22ADACCD00244C09 /* Assets.xcassets in Resources */,
			);
			runOnlyForDeploymentPostprocessing = 0;
		};
/* End PBXResourcesBuildPhase section */

/* Begin PBXSourcesBuildPhase section */
		205B204C22ADACCC00244C09 /* Sources */ = {
			isa = PBXSourcesBuildPhase;
			buildActionMask = 2147483647;
			files = (
				205B206B22ADBEDA00244C09 /* Model.swift in Sources */,
				205B205922ADACCC00244C09 /* TodoNG.xcdatamodeld in Sources */,
				205B205422ADACCC00244C09 /* AppDelegate.swift in Sources */,
				205B206D22ADBF1C00244C09 /* TaskRow.swift in Sources */,
				205B205B22ADACCC00244C09 /* TaskListView.swift in Sources */,
				205B205622ADACCC00244C09 /* SceneDelegate.swift in Sources */,
			);
			runOnlyForDeploymentPostprocessing = 0;
		};
/* End PBXSourcesBuildPhase section */

/* Begin PBXVariantGroup section */
		205B206122ADACCD00244C09 /* LaunchScreen.storyboard */ = {
			isa = PBXVariantGroup;
			children = (
				205B206222ADACCD00244C09 /* Base */,
			);
			name = LaunchScreen.storyboard;
			sourceTree = "<group>";
		};
/* End PBXVariantGroup section */

/* Begin XCBuildConfiguration section */
		205B206522ADACCD00244C09 /* Debug */ = {
			isa = XCBuildConfiguration;
			buildSettings = {
				ALWAYS_SEARCH_USER_PATHS = NO;
				CLANG_ANALYZER_NONNULL = YES;
				CLANG_ANALYZER_NUMBER_OBJECT_CONVERSION = YES_AGGRESSIVE;
				CLANG_CXX_LANGUAGE_STANDARD = "gnu++14";
				CLANG_CXX_LIBRARY = "libc++";
				CLANG_ENABLE_MODULES = YES;
				CLANG_ENABLE_OBJC_ARC = YES;
				CLANG_ENABLE_OBJC_WEAK = YES;
				CLANG_WARN_BLOCK_CAPTURE_AUTORELEASING = YES;
				CLANG_WARN_BOOL_CONVERSION = YES;
				CLANG_WARN_COMMA = YES;
				CLANG_WARN_CONSTANT_CONVERSION = YES;
				CLANG_WARN_DEPRECATED_OBJC_IMPLEMENTATIONS = YES;
				CLANG_WARN_DIRECT_OBJC_ISA_USAGE = YES_ERROR;
				CLANG_WARN_DOCUMENTATION_COMMENTS = YES;
				CLANG_WARN_EMPTY_BODY = YES;
				CLANG_WARN_ENUM_CONVERSION = YES;
				CLANG_WARN_INFINITE_RECURSION = YES;
				CLANG_WARN_INT_CONVERSION = YES;
				CLANG_WARN_NON_LITERAL_NULL_CONVERSION = YES;
				CLANG_WARN_OBJC_IMPLICIT_RETAIN_SELF = YES;
				CLANG_WARN_OBJC_LITERAL_CONVERSION = YES;
				CLANG_WARN_OBJC_ROOT_CLASS = YES_ERROR;
				CLANG_WARN_RANGE_LOOP_ANALYSIS = YES;
				CLANG_WARN_STRICT_PROTOTYPES = YES;
				CLANG_WARN_SUSPICIOUS_MOVE = YES;
				CLANG_WARN_UNGUARDED_AVAILABILITY = YES_AGGRESSIVE;
				CLANG_WARN_UNREACHABLE_CODE = YES;
				CLANG_WARN__DUPLICATE_METHOD_MATCH = YES;
				COPY_PHASE_STRIP = NO;
				DEBUG_INFORMATION_FORMAT = dwarf;
				ENABLE_STRICT_OBJC_MSGSEND = YES;
				ENABLE_TESTABILITY = YES;
				GCC_C_LANGUAGE_STANDARD = gnu11;
				GCC_DYNAMIC_NO_PIC = NO;
				GCC_NO_COMMON_BLOCKS = YES;
				GCC_OPTIMIZATION_LEVEL = 0;
				GCC_PREPROCESSOR_DEFINITIONS = (
					"DEBUG=1",
					"$(inherited)",
				);
				GCC_WARN_64_TO_32_BIT_CONVERSION = YES;
				GCC_WARN_ABOUT_RETURN_TYPE = YES_ERROR;
				GCC_WARN_UNDECLARED_SELECTOR = YES;
				GCC_WARN_UNINITIALIZED_AUTOS = YES_AGGRESSIVE;
				GCC_WARN_UNUSED_FUNCTION = YES;
				GCC_WARN_UNUSED_VARIABLE = YES;
				IPHONEOS_DEPLOYMENT_TARGET = 13.0;
				MTL_ENABLE_DEBUG_INFO = INCLUDE_SOURCE;
				MTL_FAST_MATH = YES;
				ONLY_ACTIVE_ARCH = YES;
				SDKROOT = iphoneos;
				SWIFT_ACTIVE_COMPILATION_CONDITIONS = DEBUG;
				SWIFT_OPTIMIZATION_LEVEL = "-Onone";
			};
			name = Debug;
		};
		205B206622ADACCD00244C09 /* Release */ = {
			isa = XCBuildConfiguration;
			buildSettings = {
				ALWAYS_SEARCH_USER_PATHS = NO;
				CLANG_ANALYZER_NONNULL = YES;
				CLANG_ANALYZER_NUMBER_OBJECT_CONVERSION = YES_AGGRESSIVE;
				CLANG_CXX_LANGUAGE_STANDARD = "gnu++14";
				CLANG_CXX_LIBRARY = "libc++";
				CLANG_ENABLE_MODULES = YES;
				CLANG_ENABLE_OBJC_ARC = YES;
				CLANG_ENABLE_OBJC_WEAK = YES;
				CLANG_WARN_BLOCK_CAPTURE_AUTORELEASING = YES;
				CLANG_WARN_BOOL_CONVERSION = YES;
				CLANG_WARN_COMMA = YES;
				CLANG_WARN_CONSTANT_CONVERSION = YES;
				CLANG_WARN_DEPRECATED_OBJC_IMPLEMENTATIONS = YES;
				CLANG_WARN_DIRECT_OBJC_ISA_USAGE = YES_ERROR;
				CLANG_WARN_DOCUMENTATION_COMMENTS = YES;
				CLANG_WARN_EMPTY_BODY = YES;
				CLANG_WARN_ENUM_CONVERSION = YES;
				CLANG_WARN_INFINITE_RECURSION = YES;
				CLANG_WARN_INT_CONVERSION = YES;
				CLANG_WARN_NON_LITERAL_NULL_CONVERSION = YES;
				CLANG_WARN_OBJC_IMPLICIT_RETAIN_SELF = YES;
				CLANG_WARN_OBJC_LITERAL_CONVERSION = YES;
				CLANG_WARN_OBJC_ROOT_CLASS = YES_ERROR;
				CLANG_WARN_RANGE_LOOP_ANALYSIS = YES;
				CLANG_WARN_STRICT_PROTOTYPES = YES;
				CLANG_WARN_SUSPICIOUS_MOVE = YES;
				CLANG_WARN_UNGUARDED_AVAILABILITY = YES_AGGRESSIVE;
				CLANG_WARN_UNREACHABLE_CODE = YES;
				CLANG_WARN__DUPLICATE_METHOD_MATCH = YES;
				COPY_PHASE_STRIP = NO;
				DEBUG_INFORMATION_FORMAT = "dwarf-with-dsym";
				ENABLE_NS_ASSERTIONS = NO;
				ENABLE_STRICT_OBJC_MSGSEND = YES;
				GCC_C_LANGUAGE_STANDARD = gnu11;
				GCC_NO_COMMON_BLOCKS = YES;
				GCC_WARN_64_TO_32_BIT_CONVERSION = YES;
				GCC_WARN_ABOUT_RETURN_TYPE = YES_ERROR;
				GCC_WARN_UNDECLARED_SELECTOR = YES;
				GCC_WARN_UNINITIALIZED_AUTOS = YES_AGGRESSIVE;
				GCC_WARN_UNUSED_FUNCTION = YES;
				GCC_WARN_UNUSED_VARIABLE = YES;
				IPHONEOS_DEPLOYMENT_TARGET = 13.0;
				MTL_ENABLE_DEBUG_INFO = NO;
				MTL_FAST_MATH = YES;
				SDKROOT = iphoneos;
				SWIFT_COMPILATION_MODE = wholemodule;
				SWIFT_OPTIMIZATION_LEVEL = "-O";
				VALIDATE_PRODUCT = YES;
			};
			name = Release;
		};
		205B206822ADACCD00244C09 /* Debug */ = {
			isa = XCBuildConfiguration;
			buildSettings = {
				ASSETCATALOG_COMPILER_APPICON_NAME = AppIcon;
				CODE_SIGN_STYLE = Automatic;
				DEVELOPMENT_ASSET_PATHS = "TodoNG/Preview\\ Content";
				ENABLE_PREVIEWS = YES;
				INFOPLIST_FILE = TodoNG/Info.plist;
				LD_RUNPATH_SEARCH_PATHS = (
					"$(inherited)",
					"@executable_path/Frameworks",
				);
				PRODUCT_BUNDLE_IDENTIFIER = com.appsdissected.TodoNG;
				PRODUCT_NAME = "$(TARGET_NAME)";
				SWIFT_VERSION = 5.0;
				TARGETED_DEVICE_FAMILY = "1,2";
			};
			name = Debug;
		};
		205B206922ADACCD00244C09 /* Release */ = {
			isa = XCBuildConfiguration;
			buildSettings = {
				ASSETCATALOG_COMPILER_APPICON_NAME = AppIcon;
				CODE_SIGN_STYLE = Automatic;
				DEVELOPMENT_ASSET_PATHS = "TodoNG/Preview\\ Content";
				ENABLE_PREVIEWS = YES;
				INFOPLIST_FILE = TodoNG/Info.plist;
				LD_RUNPATH_SEARCH_PATHS = (
					"$(inherited)",
					"@executable_path/Frameworks",
				);
				PRODUCT_BUNDLE_IDENTIFIER = com.appsdissected.TodoNG;
				PRODUCT_NAME = "$(TARGET_NAME)";
				SWIFT_VERSION = 5.0;
				TARGETED_DEVICE_FAMILY = "1,2";
			};
			name = Release;
		};
/* End XCBuildConfiguration section */

/* Begin XCConfigurationList section */
		205B204B22ADACCC00244C09 /* Build configuration list for PBXProject "TodoNG" */ = {
			isa = XCConfigurationList;
			buildConfigurations = (
				205B206522ADACCD00244C09 /* Debug */,
				205B206622ADACCD00244C09 /* Release */,
			);
			defaultConfigurationIsVisible = 0;
			defaultConfigurationName = Release;
		};
		205B206722ADACCD00244C09 /* Build configuration list for PBXNativeTarget "TodoNG" */ = {
			isa = XCConfigurationList;
			buildConfigurations = (
				205B206822ADACCD00244C09 /* Debug */,
				205B206922ADACCD00244C09 /* Release */,
			);
			defaultConfigurationIsVisible = 0;
			defaultConfigurationName = Release;
		};
/* End XCConfigurationList section */

/* Begin XCVersionGroup section */
		205B205722ADACCC00244C09 /* TodoNG.xcdatamodeld */ = {
			isa = XCVersionGroup;
			children = (
				205B205822ADACCC00244C09 /* TodoNG.xcdatamodel */,
			);
			currentVersion = 205B205822ADACCC00244C09 /* TodoNG.xcdatamodel */;
			path = TodoNG.xcdatamodeld;
			sourceTree = "<group>";
			versionGroupType = wrapper.xcdatamodel;
		};
/* End XCVersionGroup section */
	};
	rootObject = 205B204822ADACCC00244C09 /* Project object */;
}
